
Microsoft Visual Studio Solution File, Format Version 12.00
# Visual Studio Version 17
VisualStudioVersion = 17.10.34916.146
MinimumVisualStudioVersion = 10.0.40219.1
Project("{2150E333-8FDC-42A3-9474-1A3956D46DE8}") = "src", "src", "{EE52BC71-E006-4D4F-8353-C4A4BBDBF255}"
EndProject
Project("{2150E333-8FDC-42A3-9474-1A3956D46DE8}") = "samples", "samples", "{9A2AC3AB-5D26-4BDE-BD9C-F6E01A8600DE}"
EndProject
Project("{2150E333-8FDC-42A3-9474-1A3956D46DE8}") = "test", "test", "{37464AD4-C968-41A3-A19E-BD34AA22F175}"
EndProject
Project("{9A19103F-16F7-4668-BE54-9A1E7A4F7556}") = "Elmah.Io.WinUI", "src\Elmah.Io.WinUI\Elmah.Io.WinUI.csproj", "{BAA888FB-705A-4A56-BBE8-6664326C73E2}"
EndProject
Project("{9A19103F-16F7-4668-BE54-9A1E7A4F7556}") = "Elmah.Io.WinUI.Sample", "samples\Elmah.Io.WinUI.Sample\Elmah.Io.WinUI.Sample.csproj", "{E8575D6E-3447-4317-8105-0D97EFFA3945}"
EndProject
Project("{9A19103F-16F7-4668-BE54-9A1E7A4F7556}") = "Elmah.Io.WinUI.Test", "test\Elmah.Io.WinUI.Test\Elmah.Io.WinUI.Test.csproj", "{AC9D6790-774D-4447-9B55-EF3DBAF9E1AD}"
EndProject
Project("{FAE04EC0-301F-11D3-BF4B-00C04F79EFBC}") = "Elmah.Io.WinUI.Sample90", "samples\Elmah.Io.WinUI.Sample90\Elmah.Io.WinUI.Sample90.csproj", "{8660F0C5-17C0-4C10-A9BB-3DD1BE7CBC81}"
EndProject
Global
	GlobalSection(SolutionConfigurationPlatforms) = preSolution
		Debug|Any CPU = Debug|Any CPU
		Debug|ARM64 = Debug|ARM64
		Debug|x64 = Debug|x64
		Debug|x86 = Debug|x86
		Release|Any CPU = Release|Any CPU
		Release|ARM64 = Release|ARM64
		Release|x64 = Release|x64
		Release|x86 = Release|x86
	EndGlobalSection
	GlobalSection(ProjectConfigurationPlatforms) = postSolution
		{BAA888FB-705A-4A56-BBE8-6664326C73E2}.Debug|Any CPU.ActiveCfg = Debug|x64
		{BAA888FB-705A-4A56-BBE8-6664326C73E2}.Debug|Any CPU.Build.0 = Debug|x64
		{BAA888FB-705A-4A56-BBE8-6664326C73E2}.Debug|ARM64.ActiveCfg = Debug|ARM64
		{BAA888FB-705A-4A56-BBE8-6664326C73E2}.Debug|ARM64.Build.0 = Debug|ARM64
		{BAA888FB-705A-4A56-BBE8-6664326C73E2}.Debug|x64.ActiveCfg = Debug|x64
		{BAA888FB-705A-4A56-BBE8-6664326C73E2}.Debug|x64.Build.0 = Debug|x64
		{BAA888FB-705A-4A56-BBE8-6664326C73E2}.Debug|x86.ActiveCfg = Debug|Any CPU
		{BAA888FB-705A-4A56-BBE8-6664326C73E2}.Debug|x86.Build.0 = Debug|Any CPU
		{BAA888FB-705A-4A56-BBE8-6664326C73E2}.Release|Any CPU.ActiveCfg = Release|Any CPU
		{BAA888FB-705A-4A56-BBE8-6664326C73E2}.Release|Any CPU.Build.0 = Release|Any CPU
		{BAA888FB-705A-4A56-BBE8-6664326C73E2}.Release|ARM64.ActiveCfg = Release|Any CPU
		{BAA888FB-705A-4A56-BBE8-6664326C73E2}.Release|ARM64.Build.0 = Release|Any CPU
		{BAA888FB-705A-4A56-BBE8-6664326C73E2}.Release|x64.ActiveCfg = Release|Any CPU
		{BAA888FB-705A-4A56-BBE8-6664326C73E2}.Release|x64.Build.0 = Release|Any CPU
		{BAA888FB-705A-4A56-BBE8-6664326C73E2}.Release|x86.ActiveCfg = Release|Any CPU
		{BAA888FB-705A-4A56-BBE8-6664326C73E2}.Release|x86.Build.0 = Release|Any CPU
		{E8575D6E-3447-4317-8105-0D97EFFA3945}.Debug|Any CPU.ActiveCfg = Debug|x64
		{E8575D6E-3447-4317-8105-0D97EFFA3945}.Debug|Any CPU.Build.0 = Debug|x64
		{E8575D6E-3447-4317-8105-0D97EFFA3945}.Debug|Any CPU.Deploy.0 = Debug|x64
		{E8575D6E-3447-4317-8105-0D97EFFA3945}.Debug|ARM64.ActiveCfg = Debug|ARM64
		{E8575D6E-3447-4317-8105-0D97EFFA3945}.Debug|ARM64.Build.0 = Debug|ARM64
		{E8575D6E-3447-4317-8105-0D97EFFA3945}.Debug|ARM64.Deploy.0 = Debug|ARM64
		{E8575D6E-3447-4317-8105-0D97EFFA3945}.Debug|x64.ActiveCfg = Debug|x64
		{E8575D6E-3447-4317-8105-0D97EFFA3945}.Debug|x64.Build.0 = Debug|x64
		{E8575D6E-3447-4317-8105-0D97EFFA3945}.Debug|x64.Deploy.0 = Debug|x64
		{E8575D6E-3447-4317-8105-0D97EFFA3945}.Debug|x86.ActiveCfg = Debug|x86
		{E8575D6E-3447-4317-8105-0D97EFFA3945}.Debug|x86.Build.0 = Debug|x86
		{E8575D6E-3447-4317-8105-0D97EFFA3945}.Debug|x86.Deploy.0 = Debug|x86
		{E8575D6E-3447-4317-8105-0D97EFFA3945}.Release|Any CPU.ActiveCfg = Release|x64
		{E8575D6E-3447-4317-8105-0D97EFFA3945}.Release|Any CPU.Build.0 = Release|x64
		{E8575D6E-3447-4317-8105-0D97EFFA3945}.Release|Any CPU.Deploy.0 = Release|x64
		{E8575D6E-3447-4317-8105-0D97EFFA3945}.Release|ARM64.ActiveCfg = Release|ARM64
		{E8575D6E-3447-4317-8105-0D97EFFA3945}.Release|ARM64.Build.0 = Release|ARM64
		{E8575D6E-3447-4317-8105-0D97EFFA3945}.Release|ARM64.Deploy.0 = Release|ARM64
		{E8575D6E-3447-4317-8105-0D97EFFA3945}.Release|x64.ActiveCfg = Release|x64
		{E8575D6E-3447-4317-8105-0D97EFFA3945}.Release|x64.Build.0 = Release|x64
		{E8575D6E-3447-4317-8105-0D97EFFA3945}.Release|x64.Deploy.0 = Release|x64
		{E8575D6E-3447-4317-8105-0D97EFFA3945}.Release|x86.ActiveCfg = Release|x86
		{E8575D6E-3447-4317-8105-0D97EFFA3945}.Release|x86.Build.0 = Release|x86
		{E8575D6E-3447-4317-8105-0D97EFFA3945}.Release|x86.Deploy.0 = Release|x86
		{AC9D6790-774D-4447-9B55-EF3DBAF9E1AD}.Debug|Any CPU.ActiveCfg = Debug|x64
		{AC9D6790-774D-4447-9B55-EF3DBAF9E1AD}.Debug|Any CPU.Build.0 = Debug|x64
		{AC9D6790-774D-4447-9B55-EF3DBAF9E1AD}.Debug|ARM64.ActiveCfg = Debug|ARM64
		{AC9D6790-774D-4447-9B55-EF3DBAF9E1AD}.Debug|ARM64.Build.0 = Debug|ARM64
		{AC9D6790-774D-4447-9B55-EF3DBAF9E1AD}.Debug|x64.ActiveCfg = Debug|x64
		{AC9D6790-774D-4447-9B55-EF3DBAF9E1AD}.Debug|x64.Build.0 = Debug|x64
		{AC9D6790-774D-4447-9B55-EF3DBAF9E1AD}.Debug|x86.ActiveCfg = Debug|x86
		{AC9D6790-774D-4447-9B55-EF3DBAF9E1AD}.Debug|x86.Build.0 = Debug|x86
		{AC9D6790-774D-4447-9B55-EF3DBAF9E1AD}.Release|Any CPU.ActiveCfg = Release|x64
		{AC9D6790-774D-4447-9B55-EF3DBAF9E1AD}.Release|Any CPU.Build.0 = Release|x64
		{AC9D6790-774D-4447-9B55-EF3DBAF9E1AD}.Release|ARM64.ActiveCfg = Release|ARM64
		{AC9D6790-774D-4447-9B55-EF3DBAF9E1AD}.Release|ARM64.Build.0 = Release|ARM64
		{AC9D6790-774D-4447-9B55-EF3DBAF9E1AD}.Release|x64.ActiveCfg = Release|x64
		{AC9D6790-774D-4447-9B55-EF3DBAF9E1AD}.Release|x64.Build.0 = Release|x64
		{AC9D6790-774D-4447-9B55-EF3DBAF9E1AD}.Release|x86.ActiveCfg = Release|x86
		{AC9D6790-774D-4447-9B55-EF3DBAF9E1AD}.Release|x86.Build.0 = Release|x86
		{8660F0C5-17C0-4C10-A9BB-3DD1BE7CBC81}.Debug|Any CPU.ActiveCfg = Debug|x64
		{8660F0C5-17C0-4C10-A9BB-3DD1BE7CBC81}.Debug|Any CPU.Build.0 = Debug|x64
		{8660F0C5-17C0-4C10-A9BB-3DD1BE7CBC81}.Debug|Any CPU.Deploy.0 = Debug|x64
		{8660F0C5-17C0-4C10-A9BB-3DD1BE7CBC81}.Debug|ARM64.ActiveCfg = Debug|ARM64
		{8660F0C5-17C0-4C10-A9BB-3DD1BE7CBC81}.Debug|ARM64.Build.0 = Debug|ARM64
		{8660F0C5-17C0-4C10-A9BB-3DD1BE7CBC81}.Debug|ARM64.Deploy.0 = Debug|ARM64
		{8660F0C5-17C0-4C10-A9BB-3DD1BE7CBC81}.Debug|x64.ActiveCfg = Debug|x64
		{8660F0C5-17C0-4C10-A9BB-3DD1BE7CBC81}.Debug|x64.Build.0 = Debug|x64
		{8660F0C5-17C0-4C10-A9BB-3DD1BE7CBC81}.Debug|x64.Deploy.0 = Debug|x64
		{8660F0C5-17C0-4C10-A9BB-3DD1BE7CBC81}.Debug|x86.ActiveCfg = Debug|x86
		{8660F0C5-17C0-4C10-A9BB-3DD1BE7CBC81}.Debug|x86.Build.0 = Debug|x86
		{8660F0C5-17C0-4C10-A9BB-3DD1BE7CBC81}.Debug|x86.Deploy.0 = Debug|x86
		{8660F0C5-17C0-4C10-A9BB-3DD1BE7CBC81}.Release|Any CPU.ActiveCfg = Release|x64
		{8660F0C5-17C0-4C10-A9BB-3DD1BE7CBC81}.Release|Any CPU.Build.0 = Release|x64
		{8660F0C5-17C0-4C10-A9BB-3DD1BE7CBC81}.Release|Any CPU.Deploy.0 = Release|x64
		{8660F0C5-17C0-4C10-A9BB-3DD1BE7CBC81}.Release|ARM64.ActiveCfg = Release|ARM64
		{8660F0C5-17C0-4C10-A9BB-3DD1BE7CBC81}.Release|ARM64.Build.0 = Release|ARM64
		{8660F0C5-17C0-4C10-A9BB-3DD1BE7CBC81}.Release|ARM64.Deploy.0 = Release|ARM64
		{8660F0C5-17C0-4C10-A9BB-3DD1BE7CBC81}.Release|x64.ActiveCfg = Release|x64
		{8660F0C5-17C0-4C10-A9BB-3DD1BE7CBC81}.Release|x64.Build.0 = Release|x64
		{8660F0C5-17C0-4C10-A9BB-3DD1BE7CBC81}.Release|x64.Deploy.0 = Release|x64
		{8660F0C5-17C0-4C10-A9BB-3DD1BE7CBC81}.Release|x86.ActiveCfg = Release|x86
		{8660F0C5-17C0-4C10-A9BB-3DD1BE7CBC81}.Release|x86.Build.0 = Release|x86
		{8660F0C5-17C0-4C10-A9BB-3DD1BE7CBC81}.Release|x86.Deploy.0 = Release|x86
	EndGlobalSection
	GlobalSection(SolutionProperties) = preSolution
		HideSolutionNode = FALSE
	EndGlobalSection
	GlobalSection(NestedProjects) = preSolution
		{BAA888FB-705A-4A56-BBE8-6664326C73E2} = {EE52BC71-E006-4D4F-8353-C4A4BBDBF255}
		{E8575D6E-3447-4317-8105-0D97EFFA3945} = {9A2AC3AB-5D26-4BDE-BD9C-F6E01A8600DE}
		{AC9D6790-774D-4447-9B55-EF3DBAF9E1AD} = {37464AD4-C968-41A3-A19E-BD34AA22F175}
		{8660F0C5-17C0-4C10-A9BB-3DD1BE7CBC81} = {9A2AC3AB-5D26-4BDE-BD9C-F6E01A8600DE}
	EndGlobalSection
	GlobalSection(ExtensibilityGlobals) = postSolution
		SolutionGuid = {74377C86-B599-4978-9556-F5332234CCC4}
	EndGlobalSection
EndGlobal
